
Microsoft Visual Studio Solution File, Format Version 12.00
Project("{FAE04EC0-301F-11D3-BF4B-00C04F79EFBC}") = "diashow", "diashow\diashow.csproj", "{00730D6D-1EA0-4FBA-A419-916E1F431DC2}"
EndProject
Project("{FAE04EC0-301F-11D3-BF4B-00C04F79EFBC}") = "diashow.Tests", "tests\diashow.Tests.csproj", "{0A88E91D-6A3E-4FB8-9B25-E4C5A0D37F9A}"
EndProject
Project("{FAE04EC0-301F-11D3-BF4B-00C04F79EFBC}") = "Diashow.Installer", "installer\Diashow.Installer.csproj", "{4F5E9C7A-2C83-4B9D-AB6C-8B2D0E59C8D4}"
EndProject
Project("{FAE04EC0-301F-11D3-BF4B-00C04F79EFBC}") = "Diashow.Updater", "updater\Diashow.Updater.csproj", "{D1B7E3B5-7F2D-47C3-9E4A-BC9B1E6C4F20}"
EndProject
Project("{FAE04EC0-301F-11D3-BF4B-00C04F79EFBC}") = "diashow.UiTests", "ui-tests\diashow.UiTests.csproj", "{B7E3AF3E-5A6D-4F14-9A71-6A2E1B4D8F30}"
EndProject
Global
	GlobalSection(SolutionConfigurationPlatforms) = preSolution
		Debug|Any CPU = Debug|Any CPU
		Release|Any CPU = Release|Any CPU
	EndGlobalSection
	GlobalSection(ProjectConfigurationPlatforms) = postSolution
		{00730D6D-1EA0-4FBA-A419-916E1F431DC2}.Debug|Any CPU.ActiveCfg = Debug|Any CPU
		{00730D6D-1EA0-4FBA-A419-916E1F431DC2}.Debug|Any CPU.Build.0 = Debug|Any CPU
		{00730D6D-1EA0-4FBA-A419-916E1F431DC2}.Release|Any CPU.ActiveCfg = Release|Any CPU
		{00730D6D-1EA0-4FBA-A419-916E1F431DC2}.Release|Any CPU.Build.0 = Release|Any CPU
		{0A88E91D-6A3E-4FB8-9B25-E4C5A0D37F9A}.Debug|Any CPU.ActiveCfg = Debug|Any CPU
		{0A88E91D-6A3E-4FB8-9B25-E4C5A0D37F9A}.Debug|Any CPU.Build.0 = Debug|Any CPU
		{0A88E91D-6A3E-4FB8-9B25-E4C5A0D37F9A}.Release|Any CPU.ActiveCfg = Release|Any CPU
		{0A88E91D-6A3E-4FB8-9B25-E4C5A0D37F9A}.Release|Any CPU.Build.0 = Release|Any CPU
		{4F5E9C7A-2C83-4B9D-AB6C-8B2D0E59C8D4}.Debug|Any CPU.ActiveCfg = Debug|Any CPU
		{4F5E9C7A-2C83-4B9D-AB6C-8B2D0E59C8D4}.Debug|Any CPU.Build.0 = Debug|Any CPU
		{4F5E9C7A-2C83-4B9D-AB6C-8B2D0E59C8D4}.Release|Any CPU.ActiveCfg = Release|Any CPU
		{4F5E9C7A-2C83-4B9D-AB6C-8B2D0E59C8D4}.Release|Any CPU.Build.0 = Release|Any CPU
		{D1B7E3B5-7F2D-47C3-9E4A-BC9B1E6C4F20}.Debug|Any CPU.ActiveCfg = Debug|Any CPU
		{D1B7E3B5-7F2D-47C3-9E4A-BC9B1E6C4F20}.Debug|Any CPU.Build.0 = Debug|Any CPU
		{D1B7E3B5-7F2D-47C3-9E4A-BC9B1E6C4F20}.Release|Any CPU.ActiveCfg = Release|Any CPU
		{D1B7E3B5-7F2D-47C3-9E4A-BC9B1E6C4F20}.Release|Any CPU.Build.0 = Release|Any CPU
		{B7E3AF3E-5A6D-4F14-9A71-6A2E1B4D8F30}.Debug|Any CPU.ActiveCfg = Debug|Any CPU
		{B7E3AF3E-5A6D-4F14-9A71-6A2E1B4D8F30}.Debug|Any CPU.Build.0 = Debug|Any CPU
		{B7E3AF3E-5A6D-4F14-9A71-6A2E1B4D8F30}.Release|Any CPU.ActiveCfg = Release|Any CPU
		{B7E3AF3E-5A6D-4F14-9A71-6A2E1B4D8F30}.Release|Any CPU.Build.0 = Release|Any CPU
	EndGlobalSection
EndGlobal
